
Microsoft Visual Studio Solution File, Format Version 12.00
# Visual Studio Version 17
VisualStudioVersion = 17.4.33205.214
MinimumVisualStudioVersion = 10.0.40219.1
Project("{FAE04EC0-301F-11D3-BF4B-00C04F79EFBC}") = "Comercio Local", "Comercio Local\Comercio Local.csproj", "{CEEEB72E-2EDF-49E7-964B-0A7D17D74154}"
EndProject
Global
	GlobalSection(SolutionConfigurationPlatforms) = preSolution
		Debug|Any CPU = Debug|Any CPU
		Release|Any CPU = Release|Any CPU
	EndGlobalSection
	GlobalSection(ProjectConfigurationPlatforms) = postSolution
		{CEEEB72E-2EDF-49E7-964B-0A7D17D74154}.Debug|Any CPU.ActiveCfg = Debug|Any CPU
		{CEEEB72E-2EDF-49E7-964B-0A7D17D74154}.Debug|Any CPU.Build.0 = Debug|Any CPU
		{CEEEB72E-2EDF-49E7-964B-0A7D17D74154}.Release|Any CPU.ActiveCfg = Release|Any CPU
		{CEEEB72E-2EDF-49E7-964B-0A7D17D74154}.Release|Any CPU.Build.0 = Release|Any CPU
	EndGlobalSection
	GlobalSection(SolutionProperties) = preSolution
		HideSolutionNode = FALSE
	EndGlobalSection
	GlobalSection(ExtensibilityGlobals) = postSolution
		SolutionGuid = {0A0F4FAA-D045-4709-9036-0A466A8FE170}
	EndGlobalSection
EndGlobal
